Microsoft Visual Studio Solution File, Format Version 12.00
# Visual Studio 2012
Project("{FAE04EC0-301F-11D3-BF4B-00C04F79EFBC}") = "Pong", "Pong.csproj", "{817DD204-5C65-4649-A5F2-DBB26C5FC828}"
EndProject
Global
	GlobalSection(SolutionConfigurationPlatforms) = preSolution
	Debug|Any CPU = Debug|Any CPU
	ExportDebug|Any CPU = ExportDebug|Any CPU
	ExportRelease|Any CPU = ExportRelease|Any CPU
	EndGlobalSection
	GlobalSection(ProjectConfigurationPlatforms) = postSolution
		{817DD204-5C65-4649-A5F2-DBB26C5FC828}.Debug|Any CPU.ActiveCfg = Debug|Any CPU
		{817DD204-5C65-4649-A5F2-DBB26C5FC828}.Debug|Any CPU.Build.0 = Debug|Any CPU
		{817DD204-5C65-4649-A5F2-DBB26C5FC828}.ExportDebug|Any CPU.ActiveCfg = ExportDebug|Any CPU
		{817DD204-5C65-4649-A5F2-DBB26C5FC828}.ExportDebug|Any CPU.Build.0 = ExportDebug|Any CPU
		{817DD204-5C65-4649-A5F2-DBB26C5FC828}.ExportRelease|Any CPU.ActiveCfg = ExportRelease|Any CPU
		{817DD204-5C65-4649-A5F2-DBB26C5FC828}.ExportRelease|Any CPU.Build.0 = ExportRelease|Any CPU
	EndGlobalSection
EndGlobal
